
Microsoft Visual Studio Solution File, Format Version 12.00
# Visual Studio 15
VisualStudioVersion = 15.0.26403.7
MinimumVisualStudioVersion = 10.0.40219.1
Project("{FAE04EC0-301F-11D3-BF4B-00C04F79EFBC}") = "Listing_1-1", "Listing_1-1\Listing_1-1.csproj", "{D2BEEDEB-F1E6-4AA7-B15D-0F68F59957BA}"
EndProject
Project("{2150E333-8FDC-42A3-9474-1A3956D46DE8}") = "Chapter1", "Chapter1", "{ABA768D4-6B79-4B3D-95CC-922BBC6B4C4C}"
EndProject
Project("{2150E333-8FDC-42A3-9474-1A3956D46DE8}") = "Chapter2", "Chapter2", "{D9FBE92C-CEB6-4551-9767-864FC4ED0791}"
EndProject
Project("{2150E333-8FDC-42A3-9474-1A3956D46DE8}") = "Threads", "Threads", "{718E926A-7F2B-48C3-92B8-F7DC03051C3E}"
EndProject
Project("{FAE04EC0-301F-11D3-BF4B-00C04F79EFBC}") = "Listing_1-2", "Listing_1-2\Listing_1-2.csproj", "{1A66D006-8134-461D-91EB-2F6A4B425EE4}"
EndProject
Project("{FAE04EC0-301F-11D3-BF4B-00C04F79EFBC}") = "Listing_1-3", "Listing_1-3\Listing_1-3.csproj", "{95096309-5BC2-489A-B9C9-93C666000F20}"
EndProject
Project("{FAE04EC0-301F-11D3-BF4B-00C04F79EFBC}") = "Listing_1-4", "Listing_1-4\Listing_1-4.csproj", "{85F581C0-E371-4840-B3EB-A5DE223AFE8C}"
EndProject
Project("{FAE04EC0-301F-11D3-BF4B-00C04F79EFBC}") = "Listing_1-5", "Listing_1-5\Listing_1-5.csproj", "{6AC35D5C-BC3E-4679-8A8B-8BE799774715}"
EndProject
Project("{FAE04EC0-301F-11D3-BF4B-00C04F79EFBC}") = "Listing1_6", "Listing1_6\Listing1_6.csproj", "{5334FF86-8E0F-43EC-9149-DE198173F10B}"
EndProject
Project("{FAE04EC0-301F-11D3-BF4B-00C04F79EFBC}") = "Listing_1-7", "Listing_1-7\Listing_1-7.csproj", "{06982764-3D53-4C40-B0C2-2AEB211E7600}"
EndProject
Project("{2150E333-8FDC-42A3-9474-1A3956D46DE8}") = "Tasks", "Tasks", "{2D889944-F4E9-4129-A89F-DDBEA575733F}"
EndProject
Project("{FAE04EC0-301F-11D3-BF4B-00C04F79EFBC}") = "Listing_1-8", "Listing_1-8\Listing_1-8.csproj", "{4C2BDA39-EEF0-4F99-8DEB-DE03060449BE}"
EndProject
Project("{FAE04EC0-301F-11D3-BF4B-00C04F79EFBC}") = "Listing_1-9", "Listing_1-9\Listing_1-9.csproj", "{294F24DA-5EE7-4BCC-83C7-DE2272A1D84F}"
EndProject
Project("{FAE04EC0-301F-11D3-BF4B-00C04F79EFBC}") = "Listing_1-10", "Listing_1-10\Listing_1-10.csproj", "{C0FFD3C7-D139-4FB2-BE7F-94D92BB1C6DE}"
EndProject
Project("{FAE04EC0-301F-11D3-BF4B-00C04F79EFBC}") = "Listing_1-11", "Listing_1-11\Listing_1-11.csproj", "{841C97EA-E60C-4881-9E4B-4609FB01B32C}"
EndProject
Project("{FAE04EC0-301F-11D3-BF4B-00C04F79EFBC}") = "Listing_1-12", "Listing_1-12\Listing_1-12.csproj", "{3574ACD4-FB47-477F-9020-E4F44C3E63E5}"
EndProject
Project("{FAE04EC0-301F-11D3-BF4B-00C04F79EFBC}") = "Listing_1-13", "Listing_1-13\Listing_1-13.csproj", "{A74B7734-ADE1-4D7B-B65A-58670961C7C0}"
EndProject
Project("{FAE04EC0-301F-11D3-BF4B-00C04F79EFBC}") = "Listing_1-14", "Listing_1-14\Listing_1-14.csproj", "{08EE963B-9EEF-45CD-B36D-294D6C090647}"
EndProject
Project("{FAE04EC0-301F-11D3-BF4B-00C04F79EFBC}") = "Listing_1-15", "Listing_1-15\Listing_1-15.csproj", "{191F3DCF-71F8-428C-8C7E-FB1C8932B4D4}"
EndProject
Project("{2150E333-8FDC-42A3-9474-1A3956D46DE8}") = "Parallel", "Parallel", "{D29659BF-7682-49D7-B818-86EEFCE89EBF}"
EndProject
Project("{FAE04EC0-301F-11D3-BF4B-00C04F79EFBC}") = "Listing_1-16", "Listing_1-16\Listing_1-16.csproj", "{EABAB6B0-2476-4E68-B45C-4DAC4EBA7C32}"
EndProject
Project("{FAE04EC0-301F-11D3-BF4B-00C04F79EFBC}") = "Listing_1-17", "Listing_1-17\Listing_1-17.csproj", "{7CC680F0-7F06-4F6F-91F7-8785D32E70F5}"
EndProject
Project("{2150E333-8FDC-42A3-9474-1A3956D46DE8}") = "async_await", "async_await", "{6F042AE1-5112-4C8C-8950-6CC863D8BA31}"
EndProject
Project("{FAE04EC0-301F-11D3-BF4B-00C04F79EFBC}") = "Listing_1-18", "Listing_1-18\Listing_1-18.csproj", "{EEA31555-4262-4362-8D0D-46E5029B6A07}"
EndProject
Project("{FAE04EC0-301F-11D3-BF4B-00C04F79EFBC}") = "Listing_1-19", "Listing_1-19\Listing_1-19.csproj", "{F20D0D18-5091-43A0-B621-5072C68AAFB8}"
EndProject
Project("{FAE04EC0-301F-11D3-BF4B-00C04F79EFBC}") = "Listing_1-20", "Listing_1-20\Listing_1-20.csproj", "{2E0C715E-13DC-400C-AD5C-9EC4A928ECEF}"
EndProject
Project("{FAE04EC0-301F-11D3-BF4B-00C04F79EFBC}") = "Listing_1-21", "Listing_1-21\Listing_1-21.csproj", "{AD08D2D7-EF02-4EDF-B07B-08894280EA4D}"
EndProject
Project("{2150E333-8FDC-42A3-9474-1A3956D46DE8}") = "PLINQ", "PLINQ", "{DC0880D7-3680-41D3-B453-7604126ABB21}"
EndProject
Project("{FAE04EC0-301F-11D3-BF4B-00C04F79EFBC}") = "Listing_1-22", "Listing_1-22\Listing_1-22.csproj", "{AC167C23-7CA4-4044-AF9E-6D3A2850AC71}"
EndProject
Project("{FAE04EC0-301F-11D3-BF4B-00C04F79EFBC}") = "Listing_1-23", "Listing_1-23\Listing_1-23.csproj", "{B457B0C5-E23A-496B-A9F8-24137C0C78E3}"
EndProject
Project("{FAE04EC0-301F-11D3-BF4B-00C04F79EFBC}") = "Listing_1-24", "Listing_1-24\Listing_1-24.csproj", "{CD33ECFA-7FF2-47E4-8E2C-4FFC7AA361A0}"
EndProject
Project("{FAE04EC0-301F-11D3-BF4B-00C04F79EFBC}") = "Listing_1-25", "Listing_1-25\Listing_1-25.csproj", "{F047117E-A4BF-45EE-9D4C-86637713B573}"
EndProject
Project("{FAE04EC0-301F-11D3-BF4B-00C04F79EFBC}") = "Listing_1-26", "Listing_1-26\Listing_1-26.csproj", "{A34BAA76-B719-4B17-913F-8AE9D46B0F74}"
EndProject
Project("{FAE04EC0-301F-11D3-BF4B-00C04F79EFBC}") = "Listing_1-27", "Listing_1-27\Listing_1-27.csproj", "{A3E3F674-B1A4-4A9A-A163-3F416504765C}"
EndProject
Project("{2150E333-8FDC-42A3-9474-1A3956D46DE8}") = "Concurrent collections", "Concurrent collections", "{9A00B90E-AFDC-4B33-9417-EAC53F70B835}"
EndProject
Project("{FAE04EC0-301F-11D3-BF4B-00C04F79EFBC}") = "Listing_1-28", "Listing_1-28\Listing_1-28.csproj", "{E938ADF5-2F42-4FD0-BC4E-AE6ECBF2E134}"
EndProject
Project("{FAE04EC0-301F-11D3-BF4B-00C04F79EFBC}") = "Listing_1-29", "Listing_1-29\Listing_1-29.csproj", "{1B3757A7-666C-4ACD-8E8C-88A70FD204D3}"
EndProject
Project("{FAE04EC0-301F-11D3-BF4B-00C04F79EFBC}") = "Listing_1-30", "Listing_1-30\Listing_1-30.csproj", "{5E2729DB-C5B3-4E1A-A50D-2D46E2AA476A}"
EndProject
Project("{FAE04EC0-301F-11D3-BF4B-00C04F79EFBC}") = "Listing_1-31", "Listing_1-31\Listing_1-31.csproj", "{36C5151A-54B6-47BB-9DC2-250D634A57BB}"
EndProject
Project("{FAE04EC0-301F-11D3-BF4B-00C04F79EFBC}") = "Listing_1-32", "Listing_1-32\Listing_1-32.csproj", "{40D66AEE-25F3-4B06-97B7-C34248FDC75D}"
EndProject
Project("{FAE04EC0-301F-11D3-BF4B-00C04F79EFBC}") = "Listing_1-33", "Listing_1-33\Listing_1-33.csproj", "{3FA855FD-0E40-47D6-9EED-437A19927599}"
EndProject
Project("{FAE04EC0-301F-11D3-BF4B-00C04F79EFBC}") = "Listing_1-34", "Listing_1-34\Listing_1-34.csproj", "{36C74A19-5500-4C27-A978-34BDE955DCA6}"
EndProject
Global
	GlobalSection(SolutionConfigurationPlatforms) = preSolution
		Debug|Any CPU = Debug|Any CPU
		Release|Any CPU = Release|Any CPU
	EndGlobalSection
	GlobalSection(ProjectConfigurationPlatforms) = postSolution
		{D2BEEDEB-F1E6-4AA7-B15D-0F68F59957BA}.Debug|Any CPU.ActiveCfg = Debug|Any CPU
		{D2BEEDEB-F1E6-4AA7-B15D-0F68F59957BA}.Debug|Any CPU.Build.0 = Debug|Any CPU
		{D2BEEDEB-F1E6-4AA7-B15D-0F68F59957BA}.Release|Any CPU.ActiveCfg = Release|Any CPU
		{D2BEEDEB-F1E6-4AA7-B15D-0F68F59957BA}.Release|Any CPU.Build.0 = Release|Any CPU
		{1A66D006-8134-461D-91EB-2F6A4B425EE4}.Debug|Any CPU.ActiveCfg = Debug|Any CPU
		{1A66D006-8134-461D-91EB-2F6A4B425EE4}.Debug|Any CPU.Build.0 = Debug|Any CPU
		{1A66D006-8134-461D-91EB-2F6A4B425EE4}.Release|Any CPU.ActiveCfg = Release|Any CPU
		{1A66D006-8134-461D-91EB-2F6A4B425EE4}.Release|Any CPU.Build.0 = Release|Any CPU
		{95096309-5BC2-489A-B9C9-93C666000F20}.Debug|Any CPU.ActiveCfg = Debug|Any CPU
		{95096309-5BC2-489A-B9C9-93C666000F20}.Debug|Any CPU.Build.0 = Debug|Any CPU
		{95096309-5BC2-489A-B9C9-93C666000F20}.Release|Any CPU.ActiveCfg = Release|Any CPU
		{95096309-5BC2-489A-B9C9-93C666000F20}.Release|Any CPU.Build.0 = Release|Any CPU
		{85F581C0-E371-4840-B3EB-A5DE223AFE8C}.Debug|Any CPU.ActiveCfg = Debug|Any CPU
		{85F581C0-E371-4840-B3EB-A5DE223AFE8C}.Debug|Any CPU.Build.0 = Debug|Any CPU
		{85F581C0-E371-4840-B3EB-A5DE223AFE8C}.Release|Any CPU.ActiveCfg = Release|Any CPU
		{85F581C0-E371-4840-B3EB-A5DE223AFE8C}.Release|Any CPU.Build.0 = Release|Any CPU
		{6AC35D5C-BC3E-4679-8A8B-8BE799774715}.Debug|Any CPU.ActiveCfg = Debug|Any CPU
		{6AC35D5C-BC3E-4679-8A8B-8BE799774715}.Debug|Any CPU.Build.0 = Debug|Any CPU
		{6AC35D5C-BC3E-4679-8A8B-8BE799774715}.Release|Any CPU.ActiveCfg = Release|Any CPU
		{6AC35D5C-BC3E-4679-8A8B-8BE799774715}.Release|Any CPU.Build.0 = Release|Any CPU
		{5334FF86-8E0F-43EC-9149-DE198173F10B}.Debug|Any CPU.ActiveCfg = Debug|Any CPU
		{5334FF86-8E0F-43EC-9149-DE198173F10B}.Debug|Any CPU.Build.0 = Debug|Any CPU
		{5334FF86-8E0F-43EC-9149-DE198173F10B}.Release|Any CPU.ActiveCfg = Release|Any CPU
		{5334FF86-8E0F-43EC-9149-DE198173F10B}.Release|Any CPU.Build.0 = Release|Any CPU
		{06982764-3D53-4C40-B0C2-2AEB211E7600}.Debug|Any CPU.ActiveCfg = Debug|Any CPU
		{06982764-3D53-4C40-B0C2-2AEB211E7600}.Debug|Any CPU.Build.0 = Debug|Any CPU
		{06982764-3D53-4C40-B0C2-2AEB211E7600}.Release|Any CPU.ActiveCfg = Release|Any CPU
		{06982764-3D53-4C40-B0C2-2AEB211E7600}.Release|Any CPU.Build.0 = Release|Any CPU
		{4C2BDA39-EEF0-4F99-8DEB-DE03060449BE}.Debug|Any CPU.ActiveCfg = Debug|Any CPU
		{4C2BDA39-EEF0-4F99-8DEB-DE03060449BE}.Debug|Any CPU.Build.0 = Debug|Any CPU
		{4C2BDA39-EEF0-4F99-8DEB-DE03060449BE}.Release|Any CPU.ActiveCfg = Release|Any CPU
		{4C2BDA39-EEF0-4F99-8DEB-DE03060449BE}.Release|Any CPU.Build.0 = Release|Any CPU
		{294F24DA-5EE7-4BCC-83C7-DE2272A1D84F}.Debug|Any CPU.ActiveCfg = Debug|Any CPU
		{294F24DA-5EE7-4BCC-83C7-DE2272A1D84F}.Debug|Any CPU.Build.0 = Debug|Any CPU
		{294F24DA-5EE7-4BCC-83C7-DE2272A1D84F}.Release|Any CPU.ActiveCfg = Release|Any CPU
		{294F24DA-5EE7-4BCC-83C7-DE2272A1D84F}.Release|Any CPU.Build.0 = Release|Any CPU
		{C0FFD3C7-D139-4FB2-BE7F-94D92BB1C6DE}.Debug|Any CPU.ActiveCfg = Debug|Any CPU
		{C0FFD3C7-D139-4FB2-BE7F-94D92BB1C6DE}.Debug|Any CPU.Build.0 = Debug|Any CPU
		{C0FFD3C7-D139-4FB2-BE7F-94D92BB1C6DE}.Release|Any CPU.ActiveCfg = Release|Any CPU
		{C0FFD3C7-D139-4FB2-BE7F-94D92BB1C6DE}.Release|Any CPU.Build.0 = Release|Any CPU
		{841C97EA-E60C-4881-9E4B-4609FB01B32C}.Debug|Any CPU.ActiveCfg = Debug|Any CPU
		{841C97EA-E60C-4881-9E4B-4609FB01B32C}.Debug|Any CPU.Build.0 = Debug|Any CPU
		{841C97EA-E60C-4881-9E4B-4609FB01B32C}.Release|Any CPU.ActiveCfg = Release|Any CPU
		{841C97EA-E60C-4881-9E4B-4609FB01B32C}.Release|Any CPU.Build.0 = Release|Any CPU
		{3574ACD4-FB47-477F-9020-E4F44C3E63E5}.Debug|Any CPU.ActiveCfg = Debug|Any CPU
		{3574ACD4-FB47-477F-9020-E4F44C3E63E5}.Debug|Any CPU.Build.0 = Debug|Any CPU
		{3574ACD4-FB47-477F-9020-E4F44C3E63E5}.Release|Any CPU.ActiveCfg = Release|Any CPU
		{3574ACD4-FB47-477F-9020-E4F44C3E63E5}.Release|Any CPU.Build.0 = Release|Any CPU
		{A74B7734-ADE1-4D7B-B65A-58670961C7C0}.Debug|Any CPU.ActiveCfg = Debug|Any CPU
		{A74B7734-ADE1-4D7B-B65A-58670961C7C0}.Debug|Any CPU.Build.0 = Debug|Any CPU
		{A74B7734-ADE1-4D7B-B65A-58670961C7C0}.Release|Any CPU.ActiveCfg = Release|Any CPU
		{A74B7734-ADE1-4D7B-B65A-58670961C7C0}.Release|Any CPU.Build.0 = Release|Any CPU
		{08EE963B-9EEF-45CD-B36D-294D6C090647}.Debug|Any CPU.ActiveCfg = Debug|Any CPU
		{08EE963B-9EEF-45CD-B36D-294D6C090647}.Debug|Any CPU.Build.0 = Debug|Any CPU
		{08EE963B-9EEF-45CD-B36D-294D6C090647}.Release|Any CPU.ActiveCfg = Release|Any CPU
		{08EE963B-9EEF-45CD-B36D-294D6C090647}.Release|Any CPU.Build.0 = Release|Any CPU
		{191F3DCF-71F8-428C-8C7E-FB1C8932B4D4}.Debug|Any CPU.ActiveCfg = Debug|Any CPU
		{191F3DCF-71F8-428C-8C7E-FB1C8932B4D4}.Debug|Any CPU.Build.0 = Debug|Any CPU
		{191F3DCF-71F8-428C-8C7E-FB1C8932B4D4}.Release|Any CPU.ActiveCfg = Release|Any CPU
		{191F3DCF-71F8-428C-8C7E-FB1C8932B4D4}.Release|Any CPU.Build.0 = Release|Any CPU
		{EABAB6B0-2476-4E68-B45C-4DAC4EBA7C32}.Debug|Any CPU.ActiveCfg = Debug|Any CPU
		{EABAB6B0-2476-4E68-B45C-4DAC4EBA7C32}.Debug|Any CPU.Build.0 = Debug|Any CPU
		{EABAB6B0-2476-4E68-B45C-4DAC4EBA7C32}.Release|Any CPU.ActiveCfg = Release|Any CPU
		{EABAB6B0-2476-4E68-B45C-4DAC4EBA7C32}.Release|Any CPU.Build.0 = Release|Any CPU
		{7CC680F0-7F06-4F6F-91F7-8785D32E70F5}.Debug|Any CPU.ActiveCfg = Debug|Any CPU
		{7CC680F0-7F06-4F6F-91F7-8785D32E70F5}.Debug|Any CPU.Build.0 = Debug|Any CPU
		{7CC680F0-7F06-4F6F-91F7-8785D32E70F5}.Release|Any CPU.ActiveCfg = Release|Any CPU
		{7CC680F0-7F06-4F6F-91F7-8785D32E70F5}.Release|Any CPU.Build.0 = Release|Any CPU
		{EEA31555-4262-4362-8D0D-46E5029B6A07}.Debug|Any CPU.ActiveCfg = Debug|Any CPU
		{EEA31555-4262-4362-8D0D-46E5029B6A07}.Debug|Any CPU.Build.0 = Debug|Any CPU
		{EEA31555-4262-4362-8D0D-46E5029B6A07}.Release|Any CPU.ActiveCfg = Release|Any CPU
		{EEA31555-4262-4362-8D0D-46E5029B6A07}.Release|Any CPU.Build.0 = Release|Any CPU
		{F20D0D18-5091-43A0-B621-5072C68AAFB8}.Debug|Any CPU.ActiveCfg = Debug|Any CPU
		{F20D0D18-5091-43A0-B621-5072C68AAFB8}.Debug|Any CPU.Build.0 = Debug|Any CPU
		{F20D0D18-5091-43A0-B621-5072C68AAFB8}.Release|Any CPU.ActiveCfg = Release|Any CPU
		{F20D0D18-5091-43A0-B621-5072C68AAFB8}.Release|Any CPU.Build.0 = Release|Any CPU
		{2E0C715E-13DC-400C-AD5C-9EC4A928ECEF}.Debug|Any CPU.ActiveCfg = Debug|Any CPU
		{2E0C715E-13DC-400C-AD5C-9EC4A928ECEF}.Debug|Any CPU.Build.0 = Debug|Any CPU
		{2E0C715E-13DC-400C-AD5C-9EC4A928ECEF}.Release|Any CPU.ActiveCfg = Release|Any CPU
		{2E0C715E-13DC-400C-AD5C-9EC4A928ECEF}.Release|Any CPU.Build.0 = Release|Any CPU
		{AD08D2D7-EF02-4EDF-B07B-08894280EA4D}.Debug|Any CPU.ActiveCfg = Debug|Any CPU
		{AD08D2D7-EF02-4EDF-B07B-08894280EA4D}.Debug|Any CPU.Build.0 = Debug|Any CPU
		{AD08D2D7-EF02-4EDF-B07B-08894280EA4D}.Release|Any CPU.ActiveCfg = Release|Any CPU
		{AD08D2D7-EF02-4EDF-B07B-08894280EA4D}.Release|Any CPU.Build.0 = Release|Any CPU
		{AC167C23-7CA4-4044-AF9E-6D3A2850AC71}.Debug|Any CPU.ActiveCfg = Debug|Any CPU
		{AC167C23-7CA4-4044-AF9E-6D3A2850AC71}.Debug|Any CPU.Build.0 = Debug|Any CPU
		{AC167C23-7CA4-4044-AF9E-6D3A2850AC71}.Release|Any CPU.ActiveCfg = Release|Any CPU
		{AC167C23-7CA4-4044-AF9E-6D3A2850AC71}.Release|Any CPU.Build.0 = Release|Any CPU
		{B457B0C5-E23A-496B-A9F8-24137C0C78E3}.Debug|Any CPU.ActiveCfg = Debug|Any CPU
		{B457B0C5-E23A-496B-A9F8-24137C0C78E3}.Debug|Any CPU.Build.0 = Debug|Any CPU
		{B457B0C5-E23A-496B-A9F8-24137C0C78E3}.Release|Any CPU.ActiveCfg = Release|Any CPU
		{B457B0C5-E23A-496B-A9F8-24137C0C78E3}.Release|Any CPU.Build.0 = Release|Any CPU
		{CD33ECFA-7FF2-47E4-8E2C-4FFC7AA361A0}.Debug|Any CPU.ActiveCfg = Debug|Any CPU
		{CD33ECFA-7FF2-47E4-8E2C-4FFC7AA361A0}.Debug|Any CPU.Build.0 = Debug|Any CPU
		{CD33ECFA-7FF2-47E4-8E2C-4FFC7AA361A0}.Release|Any CPU.ActiveCfg = Release|Any CPU
		{CD33ECFA-7FF2-47E4-8E2C-4FFC7AA361A0}.Release|Any CPU.Build.0 = Release|Any CPU
		{F047117E-A4BF-45EE-9D4C-86637713B573}.Debug|Any CPU.ActiveCfg = Debug|Any CPU
		{F047117E-A4BF-45EE-9D4C-86637713B573}.Debug|Any CPU.Build.0 = Debug|Any CPU
		{F047117E-A4BF-45EE-9D4C-86637713B573}.Release|Any CPU.ActiveCfg = Release|Any CPU
		{F047117E-A4BF-45EE-9D4C-86637713B573}.Release|Any CPU.Build.0 = Release|Any CPU
		{A34BAA76-B719-4B17-913F-8AE9D46B0F74}.Debug|Any CPU.ActiveCfg = Debug|Any CPU
		{A34BAA76-B719-4B17-913F-8AE9D46B0F74}.Debug|Any CPU.Build.0 = Debug|Any CPU
		{A34BAA76-B719-4B17-913F-8AE9D46B0F74}.Release|Any CPU.ActiveCfg = Release|Any CPU
		{A34BAA76-B719-4B17-913F-8AE9D46B0F74}.Release|Any CPU.Build.0 = Release|Any CPU
		{A3E3F674-B1A4-4A9A-A163-3F416504765C}.Debug|Any CPU.ActiveCfg = Debug|Any CPU
		{A3E3F674-B1A4-4A9A-A163-3F416504765C}.Debug|Any CPU.Build.0 = Debug|Any CPU
		{A3E3F674-B1A4-4A9A-A163-3F416504765C}.Release|Any CPU.ActiveCfg = Release|Any CPU
		{A3E3F674-B1A4-4A9A-A163-3F416504765C}.Release|Any CPU.Build.0 = Release|Any CPU
		{E938ADF5-2F42-4FD0-BC4E-AE6ECBF2E134}.Debug|Any CPU.ActiveCfg = Debug|Any CPU
		{E938ADF5-2F42-4FD0-BC4E-AE6ECBF2E134}.Debug|Any CPU.Build.0 = Debug|Any CPU
		{E938ADF5-2F42-4FD0-BC4E-AE6ECBF2E134}.Release|Any CPU.ActiveCfg = Release|Any CPU
		{E938ADF5-2F42-4FD0-BC4E-AE6ECBF2E134}.Release|Any CPU.Build.0 = Release|Any CPU
		{1B3757A7-666C-4ACD-8E8C-88A70FD204D3}.Debug|Any CPU.ActiveCfg = Debug|Any CPU
		{1B3757A7-666C-4ACD-8E8C-88A70FD204D3}.Debug|Any CPU.Build.0 = Debug|Any CPU
		{1B3757A7-666C-4ACD-8E8C-88A70FD204D3}.Release|Any CPU.ActiveCfg = Release|Any CPU
		{1B3757A7-666C-4ACD-8E8C-88A70FD204D3}.Release|Any CPU.Build.0 = Release|Any CPU
		{5E2729DB-C5B3-4E1A-A50D-2D46E2AA476A}.Debug|Any CPU.ActiveCfg = Debug|Any CPU
		{5E2729DB-C5B3-4E1A-A50D-2D46E2AA476A}.Debug|Any CPU.Build.0 = Debug|Any CPU
		{5E2729DB-C5B3-4E1A-A50D-2D46E2AA476A}.Release|Any CPU.ActiveCfg = Release|Any CPU
		{5E2729DB-C5B3-4E1A-A50D-2D46E2AA476A}.Release|Any CPU.Build.0 = Release|Any CPU
		{36C5151A-54B6-47BB-9DC2-250D634A57BB}.Debug|Any CPU.ActiveCfg = Debug|Any CPU
		{36C5151A-54B6-47BB-9DC2-250D634A57BB}.Debug|Any CPU.Build.0 = Debug|Any CPU
		{36C5151A-54B6-47BB-9DC2-250D634A57BB}.Release|Any CPU.ActiveCfg = Release|Any CPU
		{36C5151A-54B6-47BB-9DC2-250D634A57BB}.Release|Any CPU.Build.0 = Release|Any CPU
		{40D66AEE-25F3-4B06-97B7-C34248FDC75D}.Debug|Any CPU.ActiveCfg = Debug|Any CPU
		{40D66AEE-25F3-4B06-97B7-C34248FDC75D}.Debug|Any CPU.Build.0 = Debug|Any CPU
		{40D66AEE-25F3-4B06-97B7-C34248FDC75D}.Release|Any CPU.ActiveCfg = Release|Any CPU
		{40D66AEE-25F3-4B06-97B7-C34248FDC75D}.Release|Any CPU.Build.0 = Release|Any CPU
		{3FA855FD-0E40-47D6-9EED-437A19927599}.Debug|Any CPU.ActiveCfg = Debug|Any CPU
		{3FA855FD-0E40-47D6-9EED-437A19927599}.Debug|Any CPU.Build.0 = Debug|Any CPU
		{3FA855FD-0E40-47D6-9EED-437A19927599}.Release|Any CPU.ActiveCfg = Release|Any CPU
		{3FA855FD-0E40-47D6-9EED-437A19927599}.Release|Any CPU.Build.0 = Release|Any CPU
		{36C74A19-5500-4C27-A978-34BDE955DCA6}.Debug|Any CPU.ActiveCfg = Debug|Any CPU
		{36C74A19-5500-4C27-A978-34BDE955DCA6}.Debug|Any CPU.Build.0 = Debug|Any CPU
		{36C74A19-5500-4C27-A978-34BDE955DCA6}.Release|Any CPU.ActiveCfg = Release|Any CPU
		{36C74A19-5500-4C27-A978-34BDE955DCA6}.Release|Any CPU.Build.0 = Release|Any CPU
	EndGlobalSection
	GlobalSection(SolutionProperties) = preSolution
		HideSolutionNode = FALSE
	EndGlobalSection
	GlobalSection(NestedProjects) = preSolution
		{D2BEEDEB-F1E6-4AA7-B15D-0F68F59957BA} = {718E926A-7F2B-48C3-92B8-F7DC03051C3E}
		{718E926A-7F2B-48C3-92B8-F7DC03051C3E} = {ABA768D4-6B79-4B3D-95CC-922BBC6B4C4C}
		{1A66D006-8134-461D-91EB-2F6A4B425EE4} = {718E926A-7F2B-48C3-92B8-F7DC03051C3E}
		{95096309-5BC2-489A-B9C9-93C666000F20} = {718E926A-7F2B-48C3-92B8-F7DC03051C3E}
		{85F581C0-E371-4840-B3EB-A5DE223AFE8C} = {718E926A-7F2B-48C3-92B8-F7DC03051C3E}
		{6AC35D5C-BC3E-4679-8A8B-8BE799774715} = {718E926A-7F2B-48C3-92B8-F7DC03051C3E}
		{5334FF86-8E0F-43EC-9149-DE198173F10B} = {718E926A-7F2B-48C3-92B8-F7DC03051C3E}
		{06982764-3D53-4C40-B0C2-2AEB211E7600} = {718E926A-7F2B-48C3-92B8-F7DC03051C3E}
		{2D889944-F4E9-4129-A89F-DDBEA575733F} = {ABA768D4-6B79-4B3D-95CC-922BBC6B4C4C}
		{4C2BDA39-EEF0-4F99-8DEB-DE03060449BE} = {2D889944-F4E9-4129-A89F-DDBEA575733F}
		{294F24DA-5EE7-4BCC-83C7-DE2272A1D84F} = {2D889944-F4E9-4129-A89F-DDBEA575733F}
		{C0FFD3C7-D139-4FB2-BE7F-94D92BB1C6DE} = {2D889944-F4E9-4129-A89F-DDBEA575733F}
		{841C97EA-E60C-4881-9E4B-4609FB01B32C} = {2D889944-F4E9-4129-A89F-DDBEA575733F}
		{3574ACD4-FB47-477F-9020-E4F44C3E63E5} = {2D889944-F4E9-4129-A89F-DDBEA575733F}
		{A74B7734-ADE1-4D7B-B65A-58670961C7C0} = {2D889944-F4E9-4129-A89F-DDBEA575733F}
		{08EE963B-9EEF-45CD-B36D-294D6C090647} = {2D889944-F4E9-4129-A89F-DDBEA575733F}
		{191F3DCF-71F8-428C-8C7E-FB1C8932B4D4} = {2D889944-F4E9-4129-A89F-DDBEA575733F}
		{D29659BF-7682-49D7-B818-86EEFCE89EBF} = {ABA768D4-6B79-4B3D-95CC-922BBC6B4C4C}
		{EABAB6B0-2476-4E68-B45C-4DAC4EBA7C32} = {D29659BF-7682-49D7-B818-86EEFCE89EBF}
		{7CC680F0-7F06-4F6F-91F7-8785D32E70F5} = {D29659BF-7682-49D7-B818-86EEFCE89EBF}
		{6F042AE1-5112-4C8C-8950-6CC863D8BA31} = {ABA768D4-6B79-4B3D-95CC-922BBC6B4C4C}
		{EEA31555-4262-4362-8D0D-46E5029B6A07} = {6F042AE1-5112-4C8C-8950-6CC863D8BA31}
		{F20D0D18-5091-43A0-B621-5072C68AAFB8} = {6F042AE1-5112-4C8C-8950-6CC863D8BA31}
		{2E0C715E-13DC-400C-AD5C-9EC4A928ECEF} = {6F042AE1-5112-4C8C-8950-6CC863D8BA31}
		{AD08D2D7-EF02-4EDF-B07B-08894280EA4D} = {6F042AE1-5112-4C8C-8950-6CC863D8BA31}
		{DC0880D7-3680-41D3-B453-7604126ABB21} = {ABA768D4-6B79-4B3D-95CC-922BBC6B4C4C}
		{AC167C23-7CA4-4044-AF9E-6D3A2850AC71} = {DC0880D7-3680-41D3-B453-7604126ABB21}
		{B457B0C5-E23A-496B-A9F8-24137C0C78E3} = {DC0880D7-3680-41D3-B453-7604126ABB21}
		{CD33ECFA-7FF2-47E4-8E2C-4FFC7AA361A0} = {DC0880D7-3680-41D3-B453-7604126ABB21}
		{F047117E-A4BF-45EE-9D4C-86637713B573} = {DC0880D7-3680-41D3-B453-7604126ABB21}
		{A34BAA76-B719-4B17-913F-8AE9D46B0F74} = {DC0880D7-3680-41D3-B453-7604126ABB21}
		{A3E3F674-B1A4-4A9A-A163-3F416504765C} = {DC0880D7-3680-41D3-B453-7604126ABB21}
		{9A00B90E-AFDC-4B33-9417-EAC53F70B835} = {ABA768D4-6B79-4B3D-95CC-922BBC6B4C4C}
		{E938ADF5-2F42-4FD0-BC4E-AE6ECBF2E134} = {9A00B90E-AFDC-4B33-9417-EAC53F70B835}
		{1B3757A7-666C-4ACD-8E8C-88A70FD204D3} = {9A00B90E-AFDC-4B33-9417-EAC53F70B835}
		{5E2729DB-C5B3-4E1A-A50D-2D46E2AA476A} = {9A00B90E-AFDC-4B33-9417-EAC53F70B835}
		{36C5151A-54B6-47BB-9DC2-250D634A57BB} = {9A00B90E-AFDC-4B33-9417-EAC53F70B835}
		{40D66AEE-25F3-4B06-97B7-C34248FDC75D} = {9A00B90E-AFDC-4B33-9417-EAC53F70B835}
		{3FA855FD-0E40-47D6-9EED-437A19927599} = {9A00B90E-AFDC-4B33-9417-EAC53F70B835}
		{36C74A19-5500-4C27-A978-34BDE955DCA6} = {9A00B90E-AFDC-4B33-9417-EAC53F70B835}
	EndGlobalSection
EndGlobal
